
Microsoft Visual Studio Solution File, Format Version 12.00
# Visual Studio Version 16
VisualStudioVersion = 16.0.31105.61
MinimumVisualStudioVersion = 10.0.40219.1
Project("{FAE04EC0-301F-11D3-BF4B-00C04F79EFBC}") = "Nawigator", "Nawigator\Nawigator.csproj", "{62CC8268-386E-4C94-B204-953E22EEB481}"
EndProject
Global
	GlobalSection(SolutionConfigurationPlatforms) = preSolution
		Debug|ARM = Debug|ARM
		Debug|ARM64 = Debug|ARM64
		Debug|x64 = Debug|x64
		Debug|x86 = Debug|x86
		Release|ARM = Release|ARM
		Release|ARM64 = Release|ARM64
		Release|x64 = Release|x64
		Release|x86 = Release|x86
	EndGlobalSection
	GlobalSection(ProjectConfigurationPlatforms) = postSolution
		{62CC8268-386E-4C94-B204-953E22EEB481}.Debug|ARM.ActiveCfg = Debug|ARM
		{62CC8268-386E-4C94-B204-953E22EEB481}.Debug|ARM.Build.0 = Debug|ARM
		{62CC8268-386E-4C94-B204-953E22EEB481}.Debug|ARM.Deploy.0 = Debug|ARM
		{62CC8268-386E-4C94-B204-953E22EEB481}.Debug|ARM64.ActiveCfg = Debug|ARM64
		{62CC8268-386E-4C94-B204-953E22EEB481}.Debug|ARM64.Build.0 = Debug|ARM64
		{62CC8268-386E-4C94-B204-953E22EEB481}.Debug|ARM64.Deploy.0 = Debug|ARM64
		{62CC8268-386E-4C94-B204-953E22EEB481}.Debug|x64.ActiveCfg = Debug|x64
		{62CC8268-386E-4C94-B204-953E22EEB481}.Debug|x64.Build.0 = Debug|x64
		{62CC8268-386E-4C94-B204-953E22EEB481}.Debug|x64.Deploy.0 = Debug|x64
		{62CC8268-386E-4C94-B204-953E22EEB481}.Debug|x86.ActiveCfg = Debug|x86
		{62CC8268-386E-4C94-B204-953E22EEB481}.Debug|x86.Build.0 = Debug|x86
		{62CC8268-386E-4C94-B204-953E22EEB481}.Debug|x86.Deploy.0 = Debug|x86
		{62CC8268-386E-4C94-B204-953E22EEB481}.Release|ARM.ActiveCfg = Release|ARM
		{62CC8268-386E-4C94-B204-953E22EEB481}.Release|ARM.Build.0 = Release|ARM
		{62CC8268-386E-4C94-B204-953E22EEB481}.Release|ARM.Deploy.0 = Release|ARM
		{62CC8268-386E-4C94-B204-953E22EEB481}.Release|ARM64.ActiveCfg = Release|ARM64
		{62CC8268-386E-4C94-B204-953E22EEB481}.Release|ARM64.Build.0 = Release|ARM64
		{62CC8268-386E-4C94-B204-953E22EEB481}.Release|ARM64.Deploy.0 = Release|ARM64
		{62CC8268-386E-4C94-B204-953E22EEB481}.Release|x64.ActiveCfg = Release|x64
		{62CC8268-386E-4C94-B204-953E22EEB481}.Release|x64.Build.0 = Release|x64
		{62CC8268-386E-4C94-B204-953E22EEB481}.Release|x64.Deploy.0 = Release|x64
		{62CC8268-386E-4C94-B204-953E22EEB481}.Release|x86.ActiveCfg = Release|x86
		{62CC8268-386E-4C94-B204-953E22EEB481}.Release|x86.Build.0 = Release|x86
		{62CC8268-386E-4C94-B204-953E22EEB481}.Release|x86.Deploy.0 = Release|x86
	EndGlobalSection
	GlobalSection(SolutionProperties) = preSolution
		HideSolutionNode = FALSE
	EndGlobalSection
	GlobalSection(ExtensibilityGlobals) = postSolution
		SolutionGuid = {D05045F1-0D87-46C3-A326-D4BBD95E62C4}
	EndGlobalSection
EndGlobal
